PODS:
  - JVFloatLabeledTextField (1.1.1)
  - Masonry (0.6.4)

DEPENDENCIES:
  - JVFloatLabeledTextField (~> 1.1.0)
  - Masonry (~> 0.6)

SPEC CHECKSUMS:
  JVFloatLabeledTextField: 0e5524b097f102036214dd8279edc8ecf08b5e18
  Masonry: 281802d04d787ea2973179ee8bcb50500579ede2

PODFILE CHECKSUM: 41dd21d7b238f9436fb1001a9f8f0e79f99cea0e

COCOAPODS: 1.1.1
