PODS:
  - JVFloatLabeledTextField (0.0.9)
  - Masonry (0.6.1)

DEPENDENCIES:
  - JVFloatLabeledTextField (~> 0.0.7)
  - Masonry (~> 0.6.0)

SPEC CHECKSUMS:
  JVFloatLabeledTextField: b6c7d824d231b3c01d14692feada878808480af8
  Masonry: 2cb49fd14d203d2db5ca6bb017135b235dde9980

COCOAPODS: 0.36.0.beta.2
