<?xml version="1.0" encoding="UTF-8"?>
<!DOCTYPE plist PUBLIC "-//Apple//DTD PLIST 1.0//EN" "http://www.apple.com/DTDs/PropertyList-1.0.dtd">
<plist version="1.0">
<dict>
	<key>archiveVersion</key>
	<string>1</string>
	<key>classes</key>
	<dict/>
	<key>objectVersion</key>
	<string>46</string>
	<key>objects</key>
	<dict>
		<key>35FCE23D5DFB497F78C82EEA</key>
		<dict>
			<key>buildActionMask</key>
			<string>2147483647</string>
			<key>files</key>
			<array/>
			<key>inputPaths</key>
			<array/>
			<key>isa</key>
			<string>PBXShellScriptBuildPhase</string>
			<key>name</key>
			<string>Embed Pods Frameworks</string>
			<key>outputPaths</key>
			<array/>
			<key>runOnlyForDeploymentPostprocessing</key>
			<string>0</string>
			<key>shellPath</key>
			<string>/bin/sh</string>
			<key>shellScript</key>
			<string>"${SRCROOT}/Pods/Target Support Files/Pods/Pods-frameworks.sh"
</string>
			<key>showEnvVarsInLog</key>
			<string>0</string>
		</dict>
		<key>43CB63CE18D4989900FEAC2E</key>
		<dict>
			<key>fileEncoding</key>
			<string>4</string>
			<key>isa</key>
			<string>PBXFileReference</string>
			<key>lastKnownFileType</key>
			<string>sourcecode.c.h</string>
			<key>path</key>
			<string>BPFormTextView.h</string>
			<key>sourceTree</key>
			<string>&lt;group&gt;</string>
		</dict>
		<key>43CB63CF18D4989900FEAC2E</key>
		<dict>
			<key>fileEncoding</key>
			<string>4</string>
			<key>isa</key>
			<string>PBXFileReference</string>
			<key>lastKnownFileType</key>
			<string>sourcecode.c.objc</string>
			<key>path</key>
			<string>BPFormTextView.m</string>
			<key>sourceTree</key>
			<string>&lt;group&gt;</string>
		</dict>
		<key>43CB63D218D4989900FEAC2E</key>
		<dict>
			<key>fileRef</key>
			<string>43CB63CF18D4989900FEAC2E</string>
			<key>isa</key>
			<string>PBXBuildFile</string>
		</dict>
		<key>54A5249F3CF24066B7D61FE5</key>
		<dict>
			<key>buildActionMask</key>
			<string>2147483647</string>
			<key>files</key>
			<array/>
			<key>inputPaths</key>
			<array/>
			<key>isa</key>
			<string>PBXShellScriptBuildPhase</string>
			<key>name</key>
			<string>Copy Pods Resources</string>
			<key>outputPaths</key>
			<array/>
			<key>runOnlyForDeploymentPostprocessing</key>
			<string>0</string>
			<key>shellPath</key>
			<string>/bin/sh</string>
			<key>shellScript</key>
			<string>"${SRCROOT}/Pods/Target Support Files/Pods/Pods-resources.sh"
</string>
			<key>showEnvVarsInLog</key>
			<string>0</string>
		</dict>
		<key>5B9B9173E4C33247FDD46E72</key>
		<dict>
			<key>children</key>
			<array>
				<string>C6FE451F71021B26A14FB618</string>
				<string>A0C414EA695E8773A4AB0FD2</string>
			</array>
			<key>isa</key>
			<string>PBXGroup</string>
			<key>name</key>
			<string>Pods</string>
			<key>sourceTree</key>
			<string>&lt;group&gt;</string>
		</dict>
		<key>5D8DB96A7A6C1D5F4A035AB9</key>
		<dict>
			<key>explicitFileType</key>
			<string>wrapper.framework</string>
			<key>includeInIndex</key>
			<string>0</string>
			<key>isa</key>
			<string>PBXFileReference</string>
			<key>path</key>
			<string>Pods.framework</string>
			<key>sourceTree</key>
			<string>BUILT_PRODUCTS_DIR</string>
		</dict>
		<key>637C7E521A8D4089008A4A93</key>
		<dict>
			<key>fileEncoding</key>
			<string>4</string>
			<key>isa</key>
			<string>PBXFileReference</string>
			<key>lastKnownFileType</key>
			<string>sourcecode.c.h</string>
			<key>path</key>
			<string>BPForms.h</string>
			<key>sourceTree</key>
			<string>&lt;group&gt;</string>
		</dict>
		<key>6392379B1A86DCFD007F73D4</key>
		<dict>
			<key>fileEncoding</key>
			<string>4</string>
			<key>isa</key>
			<string>PBXFileReference</string>
			<key>lastKnownFileType</key>
			<string>text</string>
			<key>name</key>
			<string>FOSBPForms.podspec</string>
			<key>path</key>
			<string>../FOSBPForms.podspec</string>
			<key>sourceTree</key>
			<string>&lt;group&gt;</string>
		</dict>
		<key>A0C414EA695E8773A4AB0FD2</key>
		<dict>
			<key>includeInIndex</key>
			<string>1</string>
			<key>isa</key>
			<string>PBXFileReference</string>
			<key>lastKnownFileType</key>
			<string>text.xcconfig</string>
			<key>name</key>
			<string>Pods.release.xcconfig</string>
			<key>path</key>
			<string>Pods/Target Support Files/Pods/Pods.release.xcconfig</string>
			<key>sourceTree</key>
			<string>&lt;group&gt;</string>
		</dict>
		<key>C6FE451F71021B26A14FB618</key>
		<dict>
			<key>includeInIndex</key>
			<string>1</string>
			<key>isa</key>
			<string>PBXFileReference</string>
			<key>lastKnownFileType</key>
			<string>text.xcconfig</string>
			<key>name</key>
			<string>Pods.debug.xcconfig</string>
			<key>path</key>
			<string>Pods/Target Support Files/Pods/Pods.debug.xcconfig</string>
			<key>sourceTree</key>
			<string>&lt;group&gt;</string>
		</dict>
		<key>DA192CF918C752BD0025FFB4</key>
		<dict>
			<key>children</key>
			<array>
				<string>6392379B1A86DCFD007F73D4</string>
				<string>DA192D0B18C752BD0025FFB4</string>
				<string>DA192D2D18C752BE0025FFB4</string>
				<string>DA192D3D18C753270025FFB4</string>
				<string>DA192D5618C76A770025FFB4</string>
				<string>DA192D0418C752BD0025FFB4</string>
				<string>DA192D0318C752BD0025FFB4</string>
				<string>5B9B9173E4C33247FDD46E72</string>
			</array>
			<key>isa</key>
			<string>PBXGroup</string>
			<key>sourceTree</key>
			<string>&lt;group&gt;</string>
		</dict>
		<key>DA192CFA18C752BD0025FFB4</key>
		<dict>
			<key>attributes</key>
			<dict>
				<key>CLASSPREFIX</key>
				<string>BP</string>
				<key>LastUpgradeCheck</key>
				<string>0510</string>
				<key>ORGANIZATIONNAME</key>
				<string>bpoplauschi</string>
				<key>TargetAttributes</key>
				<dict>
					<key>DA192D2518C752BE0025FFB4</key>
					<dict>
						<key>TestTargetID</key>
						<string>DA192D0118C752BD0025FFB4</string>
					</dict>
				</dict>
			</dict>
			<key>buildConfigurationList</key>
			<string>DA192CFD18C752BD0025FFB4</string>
			<key>compatibilityVersion</key>
			<string>Xcode 3.2</string>
			<key>developmentRegion</key>
			<string>English</string>
			<key>hasScannedForEncodings</key>
			<string>0</string>
			<key>isa</key>
			<string>PBXProject</string>
			<key>knownRegions</key>
			<array>
				<string>en</string>
				<string>Base</string>
			</array>
			<key>mainGroup</key>
			<string>DA192CF918C752BD0025FFB4</string>
			<key>productRefGroup</key>
			<string>DA192D0318C752BD0025FFB4</string>
			<key>projectDirPath</key>
			<string></string>
			<key>projectReferences</key>
			<array/>
			<key>projectRoot</key>
			<string></string>
			<key>targets</key>
			<array>
				<string>DA192D0118C752BD0025FFB4</string>
				<string>DA192D2518C752BE0025FFB4</string>
			</array>
		</dict>
		<key>DA192CFD18C752BD0025FFB4</key>
		<dict>
			<key>buildConfigurations</key>
			<array>
				<string>DA192D3518C752BE0025FFB4</string>
				<string>DA192D3618C752BE0025FFB4</string>
			</array>
			<key>defaultConfigurationIsVisible</key>
			<string>0</string>
			<key>defaultConfigurationName</key>
			<string>Release</string>
			<key>isa</key>
			<string>XCConfigurationList</string>
		</dict>
		<key>DA192CFE18C752BD0025FFB4</key>
		<dict>
			<key>buildActionMask</key>
			<string>2147483647</string>
			<key>files</key>
			<array>
				<string>DA8A34E018D73ED60017D814</string>
				<string>DA8A34F318D73F710017D814</string>
				<string>DA8A34CA18D71A420017D814</string>
				<string>DAA1ED3118C8770800FAAE03</string>
				<string>DA192D5518C758BB0025FFB4</string>
				<string>DAFE2F4818D1D91A00F3B98D</string>
				<string>DA8A34E118D73ED60017D814</string>
				<string>DA8A34F818D73F710017D814</string>
				<string>DA192D1618C752BE0025FFB4</string>
				<string>DA8A34D918D73CB70017D814</string>
				<string>DA192D1218C752BD0025FFB4</string>
				<string>DA8A34F718D73F710017D814</string>
				<string>DA8A34F418D73F710017D814</string>
				<string>DA192D4E18C753370025FFB4</string>
				<string>43CB63D218D4989900FEAC2E</string>
				<string>DA8A34F618D73F710017D814</string>
				<string>DA8A34DA18D73CB70017D814</string>
				<string>DA192D4D18C753370025FFB4</string>
				<string>DA8A34F518D73F710017D814</string>
			</array>
			<key>isa</key>
			<string>PBXSourcesBuildPhase</string>
			<key>runOnlyForDeploymentPostprocessing</key>
			<string>0</string>
		</dict>
		<key>DA192CFF18C752BD0025FFB4</key>
		<dict>
			<key>buildActionMask</key>
			<string>2147483647</string>
			<key>files</key>
			<array>
				<string>DA192D0818C752BD0025FFB4</string>
				<string>DA192D0A18C752BD0025FFB4</string>
				<string>DA192D0618C752BD0025FFB4</string>
				<string>FA3E04493E548EAC867C8438</string>
			</array>
			<key>isa</key>
			<string>PBXFrameworksBuildPhase</string>
			<key>runOnlyForDeploymentPostprocessing</key>
			<string>0</string>
		</dict>
		<key>DA192D0018C752BD0025FFB4</key>
		<dict>
			<key>buildActionMask</key>
			<string>2147483647</string>
			<key>files</key>
			<array>
				<string>DA192D2118C752BE0025FFB4</string>
				<string>DA192D5918C76A770025FFB4</string>
				<string>DA192D1018C752BD0025FFB4</string>
				<string>DA192D6418C779130025FFB4</string>
				<string>DA192D5A18C76A770025FFB4</string>
				<string>DA192D5D18C7746C0025FFB4</string>
				<string>DA192D6618C779170025FFB4</string>
				<string>DA192D5E18C7746C0025FFB4</string>
			</array>
			<key>isa</key>
			<string>PBXResourcesBuildPhase</string>
			<key>runOnlyForDeploymentPostprocessing</key>
			<string>0</string>
		</dict>
		<key>DA192D0118C752BD0025FFB4</key>
		<dict>
			<key>buildConfigurationList</key>
			<string>DA192D3718C752BE0025FFB4</string>
			<key>buildPhases</key>
			<array>
				<string>E8D58394D5614CEA8C0649C5</string>
				<string>DA192CFE18C752BD0025FFB4</string>
				<string>DA192CFF18C752BD0025FFB4</string>
				<string>DA192D0018C752BD0025FFB4</string>
				<string>54A5249F3CF24066B7D61FE5</string>
				<string>35FCE23D5DFB497F78C82EEA</string>
			</array>
			<key>buildRules</key>
			<array/>
			<key>dependencies</key>
			<array/>
			<key>isa</key>
			<string>PBXNativeTarget</string>
			<key>name</key>
			<string>BPFormsExample</string>
			<key>productName</key>
			<string>BPFormsExample</string>
			<key>productReference</key>
			<string>DA192D0218C752BD0025FFB4</string>
			<key>productType</key>
			<string>com.apple.product-type.application</string>
		</dict>
		<key>DA192D0218C752BD0025FFB4</key>
		<dict>
			<key>explicitFileType</key>
			<string>wrapper.application</string>
			<key>includeInIndex</key>
			<string>0</string>
			<key>isa</key>
			<string>PBXFileReference</string>
			<key>path</key>
			<string>BPFormsExample.app</string>
			<key>sourceTree</key>
			<string>BUILT_PRODUCTS_DIR</string>
		</dict>
		<key>DA192D0318C752BD0025FFB4</key>
		<dict>
			<key>children</key>
			<array>
				<string>DA192D0218C752BD0025FFB4</string>
				<string>DA192D2618C752BE0025FFB4</string>
			</array>
			<key>isa</key>
			<string>PBXGroup</string>
			<key>name</key>
			<string>Products</string>
			<key>sourceTree</key>
			<string>&lt;group&gt;</string>
		</dict>
		<key>DA192D0418C752BD0025FFB4</key>
		<dict>
			<key>children</key>
			<array>
				<string>DA192D0518C752BD0025FFB4</string>
				<string>DA192D0718C752BD0025FFB4</string>
				<string>DA192D0918C752BD0025FFB4</string>
				<string>DA192D2718C752BE0025FFB4</string>
				<string>5D8DB96A7A6C1D5F4A035AB9</string>
			</array>
			<key>isa</key>
			<string>PBXGroup</string>
			<key>name</key>
			<string>Frameworks</string>
			<key>sourceTree</key>
			<string>&lt;group&gt;</string>
		</dict>
		<key>DA192D0518C752BD0025FFB4</key>
		<dict>
			<key>isa</key>
			<string>PBXFileReference</string>
			<key>lastKnownFileType</key>
			<string>wrapper.framework</string>
			<key>name</key>
			<string>Foundation.framework</string>
			<key>path</key>
			<string>System/Library/Frameworks/Foundation.framework</string>
			<key>sourceTree</key>
			<string>SDKROOT</string>
		</dict>
		<key>DA192D0618C752BD0025FFB4</key>
		<dict>
			<key>fileRef</key>
			<string>DA192D0518C752BD0025FFB4</string>
			<key>isa</key>
			<string>PBXBuildFile</string>
		</dict>
		<key>DA192D0718C752BD0025FFB4</key>
		<dict>
			<key>isa</key>
			<string>PBXFileReference</string>
			<key>lastKnownFileType</key>
			<string>wrapper.framework</string>
			<key>name</key>
			<string>CoreGraphics.framework</string>
			<key>path</key>
			<string>System/Library/Frameworks/CoreGraphics.framework</string>
			<key>sourceTree</key>
			<string>SDKROOT</string>
		</dict>
		<key>DA192D0818C752BD0025FFB4</key>
		<dict>
			<key>fileRef</key>
			<string>DA192D0718C752BD0025FFB4</string>
			<key>isa</key>
			<string>PBXBuildFile</string>
		</dict>
		<key>DA192D0918C752BD0025FFB4</key>
		<dict>
			<key>isa</key>
			<string>PBXFileReference</string>
			<key>lastKnownFileType</key>
			<string>wrapper.framework</string>
			<key>name</key>
			<string>UIKit.framework</string>
			<key>path</key>
			<string>System/Library/Frameworks/UIKit.framework</string>
			<key>sourceTree</key>
			<string>SDKROOT</string>
		</dict>
		<key>DA192D0A18C752BD0025FFB4</key>
		<dict>
			<key>fileRef</key>
			<string>DA192D0918C752BD0025FFB4</string>
			<key>isa</key>
			<string>PBXBuildFile</string>
		</dict>
		<key>DA192D0B18C752BD0025FFB4</key>
		<dict>
			<key>children</key>
			<array>
				<string>DA192D1418C752BD0025FFB4</string>
				<string>DA192D1518C752BD0025FFB4</string>
				<string>DA192D5318C758BB0025FFB4</string>
				<string>DA192D5418C758BB0025FFB4</string>
				<string>DA192D2018C752BE0025FFB4</string>
				<string>DA192D0C18C752BD0025FFB4</string>
			</array>
			<key>isa</key>
			<string>PBXGroup</string>
			<key>path</key>
			<string>BPFormsExample</string>
			<key>sourceTree</key>
			<string>&lt;group&gt;</string>
		</dict>
		<key>DA192D0C18C752BD0025FFB4</key>
		<dict>
			<key>children</key>
			<array>
				<string>DA192D0D18C752BD0025FFB4</string>
				<string>DA192D0E18C752BD0025FFB4</string>
				<string>DA192D1118C752BD0025FFB4</string>
				<string>DA192D1318C752BD0025FFB4</string>
			</array>
			<key>isa</key>
			<string>PBXGroup</string>
			<key>name</key>
			<string>Supporting Files</string>
			<key>sourceTree</key>
			<string>&lt;group&gt;</string>
		</dict>
		<key>DA192D0D18C752BD0025FFB4</key>
		<dict>
			<key>isa</key>
			<string>PBXFileReference</string>
			<key>lastKnownFileType</key>
			<string>text.plist.xml</string>
			<key>path</key>
			<string>BPFormsExample-Info.plist</string>
			<key>sourceTree</key>
			<string>&lt;group&gt;</string>
		</dict>
		<key>DA192D0E18C752BD0025FFB4</key>
		<dict>
			<key>children</key>
			<array>
				<string>DA192D0F18C752BD0025FFB4</string>
			</array>
			<key>isa</key>
			<string>PBXVariantGroup</string>
			<key>name</key>
			<string>InfoPlist.strings</string>
			<key>sourceTree</key>
			<string>&lt;group&gt;</string>
		</dict>
		<key>DA192D0F18C752BD0025FFB4</key>
		<dict>
			<key>isa</key>
			<string>PBXFileReference</string>
			<key>lastKnownFileType</key>
			<string>text.plist.strings</string>
			<key>name</key>
			<string>en</string>
			<key>path</key>
			<string>en.lproj/InfoPlist.strings</string>
			<key>sourceTree</key>
			<string>&lt;group&gt;</string>
		</dict>
		<key>DA192D1018C752BD0025FFB4</key>
		<dict>
			<key>fileRef</key>
			<string>DA192D0E18C752BD0025FFB4</string>
			<key>isa</key>
			<string>PBXBuildFile</string>
		</dict>
		<key>DA192D1118C752BD0025FFB4</key>
		<dict>
			<key>isa</key>
			<string>PBXFileReference</string>
			<key>lastKnownFileType</key>
			<string>sourcecode.c.objc</string>
			<key>path</key>
			<string>main.m</string>
			<key>sourceTree</key>
			<string>&lt;group&gt;</string>
		</dict>
		<key>DA192D1218C752BD0025FFB4</key>
		<dict>
			<key>fileRef</key>
			<string>DA192D1118C752BD0025FFB4</string>
			<key>isa</key>
			<string>PBXBuildFile</string>
		</dict>
		<key>DA192D1318C752BD0025FFB4</key>
		<dict>
			<key>isa</key>
			<string>PBXFileReference</string>
			<key>lastKnownFileType</key>
			<string>sourcecode.c.h</string>
			<key>path</key>
			<string>BPFormsExample-Prefix.pch</string>
			<key>sourceTree</key>
			<string>&lt;group&gt;</string>
		</dict>
		<key>DA192D1418C752BD0025FFB4</key>
		<dict>
			<key>isa</key>
			<string>PBXFileReference</string>
			<key>lastKnownFileType</key>
			<string>sourcecode.c.h</string>
			<key>path</key>
			<string>BPAppDelegate.h</string>
			<key>sourceTree</key>
			<string>&lt;group&gt;</string>
		</dict>
		<key>DA192D1518C752BD0025FFB4</key>
		<dict>
			<key>isa</key>
			<string>PBXFileReference</string>
			<key>lastKnownFileType</key>
			<string>sourcecode.c.objc</string>
			<key>path</key>
			<string>BPAppDelegate.m</string>
			<key>sourceTree</key>
			<string>&lt;group&gt;</string>
		</dict>
		<key>DA192D1618C752BE0025FFB4</key>
		<dict>
			<key>fileRef</key>
			<string>DA192D1518C752BD0025FFB4</string>
			<key>isa</key>
			<string>PBXBuildFile</string>
		</dict>
		<key>DA192D2018C752BE0025FFB4</key>
		<dict>
			<key>isa</key>
			<string>PBXFileReference</string>
			<key>lastKnownFileType</key>
			<string>folder.assetcatalog</string>
			<key>path</key>
			<string>Images.xcassets</string>
			<key>sourceTree</key>
			<string>&lt;group&gt;</string>
		</dict>
		<key>DA192D2118C752BE0025FFB4</key>
		<dict>
			<key>fileRef</key>
			<string>DA192D2018C752BE0025FFB4</string>
			<key>isa</key>
			<string>PBXBuildFile</string>
		</dict>
		<key>DA192D2218C752BE0025FFB4</key>
		<dict>
			<key>buildActionMask</key>
			<string>2147483647</string>
			<key>files</key>
			<array>
				<string>DA192D3418C752BE0025FFB4</string>
			</array>
			<key>isa</key>
			<string>PBXSourcesBuildPhase</string>
			<key>runOnlyForDeploymentPostprocessing</key>
			<string>0</string>
		</dict>
		<key>DA192D2318C752BE0025FFB4</key>
		<dict>
			<key>buildActionMask</key>
			<string>2147483647</string>
			<key>files</key>
			<array>
				<string>DA192D2818C752BE0025FFB4</string>
				<string>DA192D2A18C752BE0025FFB4</string>
				<string>DA192D2918C752BE0025FFB4</string>
			</array>
			<key>isa</key>
			<string>PBXFrameworksBuildPhase</string>
			<key>runOnlyForDeploymentPostprocessing</key>
			<string>0</string>
		</dict>
		<key>DA192D2418C752BE0025FFB4</key>
		<dict>
			<key>buildActionMask</key>
			<string>2147483647</string>
			<key>files</key>
			<array>
				<string>DA192D3218C752BE0025FFB4</string>
			</array>
			<key>isa</key>
			<string>PBXResourcesBuildPhase</string>
			<key>runOnlyForDeploymentPostprocessing</key>
			<string>0</string>
		</dict>
		<key>DA192D2518C752BE0025FFB4</key>
		<dict>
			<key>buildConfigurationList</key>
			<string>DA192D3A18C752BE0025FFB4</string>
			<key>buildPhases</key>
			<array>
				<string>DA192D2218C752BE0025FFB4</string>
				<string>DA192D2318C752BE0025FFB4</string>
				<string>DA192D2418C752BE0025FFB4</string>
			</array>
			<key>buildRules</key>
			<array/>
			<key>dependencies</key>
			<array>
				<string>DA192D2C18C752BE0025FFB4</string>
			</array>
			<key>isa</key>
			<string>PBXNativeTarget</string>
			<key>name</key>
			<string>BPFormsExampleTests</string>
			<key>productName</key>
			<string>BPFormsExampleTests</string>
			<key>productReference</key>
			<string>DA192D2618C752BE0025FFB4</string>
			<key>productType</key>
			<string>com.apple.product-type.bundle.unit-test</string>
		</dict>
		<key>DA192D2618C752BE0025FFB4</key>
		<dict>
			<key>explicitFileType</key>
			<string>wrapper.cfbundle</string>
			<key>includeInIndex</key>
			<string>0</string>
			<key>isa</key>
			<string>PBXFileReference</string>
			<key>path</key>
			<string>BPFormsExampleTests.xctest</string>
			<key>sourceTree</key>
			<string>BUILT_PRODUCTS_DIR</string>
		</dict>
		<key>DA192D2718C752BE0025FFB4</key>
		<dict>
			<key>isa</key>
			<string>PBXFileReference</string>
			<key>lastKnownFileType</key>
			<string>wrapper.framework</string>
			<key>name</key>
			<string>XCTest.framework</string>
			<key>path</key>
			<string>Library/Frameworks/XCTest.framework</string>
			<key>sourceTree</key>
			<string>DEVELOPER_DIR</string>
		</dict>
		<key>DA192D2818C752BE0025FFB4</key>
		<dict>
			<key>fileRef</key>
			<string>DA192D2718C752BE0025FFB4</string>
			<key>isa</key>
			<string>PBXBuildFile</string>
		</dict>
		<key>DA192D2918C752BE0025FFB4</key>
		<dict>
			<key>fileRef</key>
			<string>DA192D0518C752BD0025FFB4</string>
			<key>isa</key>
			<string>PBXBuildFile</string>
		</dict>
		<key>DA192D2A18C752BE0025FFB4</key>
		<dict>
			<key>fileRef</key>
			<string>DA192D0918C752BD0025FFB4</string>
			<key>isa</key>
			<string>PBXBuildFile</string>
		</dict>
		<key>DA192D2B18C752BE0025FFB4</key>
		<dict>
			<key>containerPortal</key>
			<string>DA192CFA18C752BD0025FFB4</string>
			<key>isa</key>
			<string>PBXContainerItemProxy</string>
			<key>proxyType</key>
			<string>1</string>
			<key>remoteGlobalIDString</key>
			<string>DA192D0118C752BD0025FFB4</string>
			<key>remoteInfo</key>
			<string>BPFormsExample</string>
		</dict>
		<key>DA192D2C18C752BE0025FFB4</key>
		<dict>
			<key>isa</key>
			<string>PBXTargetDependency</string>
			<key>target</key>
			<string>DA192D0118C752BD0025FFB4</string>
			<key>targetProxy</key>
			<string>DA192D2B18C752BE0025FFB4</string>
		</dict>
		<key>DA192D2D18C752BE0025FFB4</key>
		<dict>
			<key>children</key>
			<array>
				<string>DA192D3318C752BE0025FFB4</string>
				<string>DA192D2E18C752BE0025FFB4</string>
			</array>
			<key>isa</key>
			<string>PBXGroup</string>
			<key>path</key>
			<string>BPFormsExampleTests</string>
			<key>sourceTree</key>
			<string>&lt;group&gt;</string>
		</dict>
		<key>DA192D2E18C752BE0025FFB4</key>
		<dict>
			<key>children</key>
			<array>
				<string>DA192D2F18C752BE0025FFB4</string>
				<string>DA192D3018C752BE0025FFB4</string>
			</array>
			<key>isa</key>
			<string>PBXGroup</string>
			<key>name</key>
			<string>Supporting Files</string>
			<key>sourceTree</key>
			<string>&lt;group&gt;</string>
		</dict>
		<key>DA192D2F18C752BE0025FFB4</key>
		<dict>
			<key>isa</key>
			<string>PBXFileReference</string>
			<key>lastKnownFileType</key>
			<string>text.plist.xml</string>
			<key>path</key>
			<string>BPFormsExampleTests-Info.plist</string>
			<key>sourceTree</key>
			<string>&lt;group&gt;</string>
		</dict>
		<key>DA192D3018C752BE0025FFB4</key>
		<dict>
			<key>children</key>
			<array>
				<string>DA192D3118C752BE0025FFB4</string>
			</array>
			<key>isa</key>
			<string>PBXVariantGroup</string>
			<key>name</key>
			<string>InfoPlist.strings</string>
			<key>sourceTree</key>
			<string>&lt;group&gt;</string>
		</dict>
		<key>DA192D3118C752BE0025FFB4</key>
		<dict>
			<key>isa</key>
			<string>PBXFileReference</string>
			<key>lastKnownFileType</key>
			<string>text.plist.strings</string>
			<key>name</key>
			<string>en</string>
			<key>path</key>
			<string>en.lproj/InfoPlist.strings</string>
			<key>sourceTree</key>
			<string>&lt;group&gt;</string>
		</dict>
		<key>DA192D3218C752BE0025FFB4</key>
		<dict>
			<key>fileRef</key>
			<string>DA192D3018C752BE0025FFB4</string>
			<key>isa</key>
			<string>PBXBuildFile</string>
		</dict>
		<key>DA192D3318C752BE0025FFB4</key>
		<dict>
			<key>isa</key>
			<string>PBXFileReference</string>
			<key>lastKnownFileType</key>
			<string>sourcecode.c.objc</string>
			<key>path</key>
			<string>BPFormsExampleTests.m</string>
			<key>sourceTree</key>
			<string>&lt;group&gt;</string>
		</dict>
		<key>DA192D3418C752BE0025FFB4</key>
		<dict>
			<key>fileRef</key>
			<string>DA192D3318C752BE0025FFB4</string>
			<key>isa</key>
			<string>PBXBuildFile</string>
		</dict>
		<key>DA192D3518C752BE0025FFB4</key>
		<dict>
			<key>buildSettings</key>
			<dict>
				<key>ALWAYS_SEARCH_USER_PATHS</key>
				<string>NO</string>
				<key>CLANG_CXX_LANGUAGE_STANDARD</key>
				<string>gnu++0x</string>
				<key>CLANG_CXX_LIBRARY</key>
				<string>libc++</string>
				<key>CLANG_ENABLE_MODULES</key>
				<string>YES</string>
				<key>CLANG_ENABLE_OBJC_ARC</key>
				<string>YES</string>
				<key>CLANG_WARN_BOOL_CONVERSION</key>
				<string>YES</string>
				<key>CLANG_WARN_CONSTANT_CONVERSION</key>
				<string>YES</string>
				<key>CLANG_WARN_DEPRECATED_OBJC_IMPLEMENTATIONS</key>
				<string>YES</string>
				<key>CLANG_WARN_DIRECT_OBJC_ISA_USAGE</key>
				<string>YES_ERROR</string>
				<key>CLANG_WARN_EMPTY_BODY</key>
				<string>YES</string>
				<key>CLANG_WARN_ENUM_CONVERSION</key>
				<string>YES</string>
				<key>CLANG_WARN_INT_CONVERSION</key>
				<string>YES</string>
				<key>CLANG_WARN_OBJC_EXPLICIT_OWNERSHIP_TYPE</key>
				<string>YES</string>
				<key>CLANG_WARN_OBJC_IMPLICIT_ATOMIC_PROPERTIES</key>
				<string>YES</string>
				<key>CLANG_WARN_OBJC_IMPLICIT_RETAIN_SELF</key>
				<string>YES</string>
				<key>CLANG_WARN_OBJC_ROOT_CLASS</key>
				<string>YES_ERROR</string>
				<key>CLANG_WARN_SUSPICIOUS_IMPLICIT_CONVERSION</key>
				<string>YES</string>
				<key>CLANG_WARN__DUPLICATE_METHOD_MATCH</key>
				<string>YES</string>
				<key>CODE_SIGN_IDENTITY[sdk=iphoneos*]</key>
				<string>iPhone Developer</string>
				<key>COPY_PHASE_STRIP</key>
				<string>NO</string>
				<key>GCC_C_LANGUAGE_STANDARD</key>
				<string>gnu99</string>
				<key>GCC_DYNAMIC_NO_PIC</key>
				<string>NO</string>
				<key>GCC_OPTIMIZATION_LEVEL</key>
				<string>0</string>
				<key>GCC_PREPROCESSOR_DEFINITIONS</key>
				<array>
					<string>DEBUG=1</string>
					<string>$(inherited)</string>
				</array>
				<key>GCC_SYMBOLS_PRIVATE_EXTERN</key>
				<string>NO</string>
				<key>GCC_WARN_64_TO_32_BIT_CONVERSION</key>
				<string>YES</string>
				<key>GCC_WARN_ABOUT_MISSING_FIELD_INITIALIZERS</key>
				<string>YES</string>
				<key>GCC_WARN_ABOUT_RETURN_TYPE</key>
				<string>YES_ERROR</string>
				<key>GCC_WARN_INITIALIZER_NOT_FULLY_BRACKETED</key>
				<string>YES</string>
				<key>GCC_WARN_SHADOW</key>
				<string>YES</string>
				<key>GCC_WARN_STRICT_SELECTOR_MATCH</key>
				<string>YES</string>
				<key>GCC_WARN_UNDECLARED_SELECTOR</key>
				<string>YES</string>
				<key>GCC_WARN_UNINITIALIZED_AUTOS</key>
				<string>YES</string>
				<key>GCC_WARN_UNUSED_FUNCTION</key>
				<string>YES</string>
				<key>GCC_WARN_UNUSED_VARIABLE</key>
				<string>YES</string>
				<key>IPHONEOS_DEPLOYMENT_TARGET</key>
				<string>7.0</string>
				<key>ONLY_ACTIVE_ARCH</key>
				<string>YES</string>
				<key>SDKROOT</key>
				<string>iphoneos</string>
				<key>TARGETED_DEVICE_FAMILY</key>
				<string>1,2</string>
			</dict>
			<key>isa</key>
			<string>XCBuildConfiguration</string>
			<key>name</key>
			<string>Debug</string>
		</dict>
		<key>DA192D3618C752BE0025FFB4</key>
		<dict>
			<key>buildSettings</key>
			<dict>
				<key>ALWAYS_SEARCH_USER_PATHS</key>
				<string>NO</string>
				<key>CLANG_CXX_LANGUAGE_STANDARD</key>
				<string>gnu++0x</string>
				<key>CLANG_CXX_LIBRARY</key>
				<string>libc++</string>
				<key>CLANG_ENABLE_MODULES</key>
				<string>YES</string>
				<key>CLANG_ENABLE_OBJC_ARC</key>
				<string>YES</string>
				<key>CLANG_WARN_BOOL_CONVERSION</key>
				<string>YES</string>
				<key>CLANG_WARN_CONSTANT_CONVERSION</key>
				<string>YES</string>
				<key>CLANG_WARN_DEPRECATED_OBJC_IMPLEMENTATIONS</key>
				<string>YES</string>
				<key>CLANG_WARN_DIRECT_OBJC_ISA_USAGE</key>
				<string>YES_ERROR</string>
				<key>CLANG_WARN_EMPTY_BODY</key>
				<string>YES</string>
				<key>CLANG_WARN_ENUM_CONVERSION</key>
				<string>YES</string>
				<key>CLANG_WARN_INT_CONVERSION</key>
				<string>YES</string>
				<key>CLANG_WARN_OBJC_EXPLICIT_OWNERSHIP_TYPE</key>
				<string>YES</string>
				<key>CLANG_WARN_OBJC_IMPLICIT_ATOMIC_PROPERTIES</key>
				<string>YES</string>
				<key>CLANG_WARN_OBJC_IMPLICIT_RETAIN_SELF</key>
				<string>YES</string>
				<key>CLANG_WARN_OBJC_ROOT_CLASS</key>
				<string>YES_ERROR</string>
				<key>CLANG_WARN_SUSPICIOUS_IMPLICIT_CONVERSION</key>
				<string>YES</string>
				<key>CLANG_WARN__DUPLICATE_METHOD_MATCH</key>
				<string>YES</string>
				<key>CODE_SIGN_IDENTITY[sdk=iphoneos*]</key>
				<string>iPhone Developer</string>
				<key>COPY_PHASE_STRIP</key>
				<string>YES</string>
				<key>ENABLE_NS_ASSERTIONS</key>
				<string>NO</string>
				<key>GCC_C_LANGUAGE_STANDARD</key>
				<string>gnu99</string>
				<key>GCC_WARN_64_TO_32_BIT_CONVERSION</key>
				<string>YES</string>
				<key>GCC_WARN_ABOUT_MISSING_FIELD_INITIALIZERS</key>
				<string>YES</string>
				<key>GCC_WARN_ABOUT_RETURN_TYPE</key>
				<string>YES_ERROR</string>
				<key>GCC_WARN_INITIALIZER_NOT_FULLY_BRACKETED</key>
				<string>YES</string>
				<key>GCC_WARN_SHADOW</key>
				<string>YES</string>
				<key>GCC_WARN_STRICT_SELECTOR_MATCH</key>
				<string>YES</string>
				<key>GCC_WARN_UNDECLARED_SELECTOR</key>
				<string>YES</string>
				<key>GCC_WARN_UNINITIALIZED_AUTOS</key>
				<string>YES</string>
				<key>GCC_WARN_UNUSED_FUNCTION</key>
				<string>YES</string>
				<key>GCC_WARN_UNUSED_VARIABLE</key>
				<string>YES</string>
				<key>IPHONEOS_DEPLOYMENT_TARGET</key>
				<string>7.0</string>
				<key>SDKROOT</key>
				<string>iphoneos</string>
				<key>TARGETED_DEVICE_FAMILY</key>
				<string>1,2</string>
				<key>VALIDATE_PRODUCT</key>
				<string>YES</string>
			</dict>
			<key>isa</key>
			<string>XCBuildConfiguration</string>
			<key>name</key>
			<string>Release</string>
		</dict>
		<key>DA192D3718C752BE0025FFB4</key>
		<dict>
			<key>buildConfigurations</key>
			<array>
				<string>DA192D3818C752BE0025FFB4</string>
				<string>DA192D3918C752BE0025FFB4</string>
			</array>
			<key>defaultConfigurationIsVisible</key>
			<string>0</string>
			<key>defaultConfigurationName</key>
			<string>Release</string>
			<key>isa</key>
			<string>XCConfigurationList</string>
		</dict>
		<key>DA192D3818C752BE0025FFB4</key>
		<dict>
			<key>baseConfigurationReference</key>
			<string>C6FE451F71021B26A14FB618</string>
			<key>buildSettings</key>
			<dict>
				<key>ASSETCATALOG_COMPILER_APPICON_NAME</key>
				<string>AppIcon</string>
				<key>ASSETCATALOG_COMPILER_LAUNCHIMAGE_NAME</key>
				<string>LaunchImage</string>
				<key>GCC_PRECOMPILE_PREFIX_HEADER</key>
				<string>YES</string>
				<key>GCC_PREFIX_HEADER</key>
				<string>BPFormsExample/BPFormsExample-Prefix.pch</string>
				<key>INFOPLIST_FILE</key>
				<string>BPFormsExample/BPFormsExample-Info.plist</string>
				<key>IPHONEOS_DEPLOYMENT_TARGET</key>
				<string>6.0</string>
				<key>PRODUCT_NAME</key>
				<string>$(TARGET_NAME)</string>
				<key>WRAPPER_EXTENSION</key>
				<string>app</string>
			</dict>
			<key>isa</key>
			<string>XCBuildConfiguration</string>
			<key>name</key>
			<string>Debug</string>
		</dict>
		<key>DA192D3918C752BE0025FFB4</key>
		<dict>
			<key>baseConfigurationReference</key>
			<string>A0C414EA695E8773A4AB0FD2</string>
			<key>buildSettings</key>
			<dict>
				<key>ASSETCATALOG_COMPILER_APPICON_NAME</key>
				<string>AppIcon</string>
				<key>ASSETCATALOG_COMPILER_LAUNCHIMAGE_NAME</key>
				<string>LaunchImage</string>
				<key>GCC_PRECOMPILE_PREFIX_HEADER</key>
				<string>YES</string>
				<key>GCC_PREFIX_HEADER</key>
				<string>BPFormsExample/BPFormsExample-Prefix.pch</string>
				<key>INFOPLIST_FILE</key>
				<string>BPFormsExample/BPFormsExample-Info.plist</string>
				<key>IPHONEOS_DEPLOYMENT_TARGET</key>
				<string>6.0</string>
				<key>PRODUCT_NAME</key>
				<string>$(TARGET_NAME)</string>
				<key>WRAPPER_EXTENSION</key>
				<string>app</string>
			</dict>
			<key>isa</key>
			<string>XCBuildConfiguration</string>
			<key>name</key>
			<string>Release</string>
		</dict>
		<key>DA192D3A18C752BE0025FFB4</key>
		<dict>
			<key>buildConfigurations</key>
			<array>
				<string>DA192D3B18C752BE0025FFB4</string>
				<string>DA192D3C18C752BE0025FFB4</string>
			</array>
			<key>defaultConfigurationIsVisible</key>
			<string>0</string>
			<key>defaultConfigurationName</key>
			<string>Release</string>
			<key>isa</key>
			<string>XCConfigurationList</string>
		</dict>
		<key>DA192D3B18C752BE0025FFB4</key>
		<dict>
			<key>buildSettings</key>
			<dict>
				<key>BUNDLE_LOADER</key>
				<string>$(BUILT_PRODUCTS_DIR)/BPFormsExample.app/BPFormsExample</string>
				<key>FRAMEWORK_SEARCH_PATHS</key>
				<array>
					<string>$(SDKROOT)/Developer/Library/Frameworks</string>
					<string>$(inherited)</string>
					<string>$(DEVELOPER_FRAMEWORKS_DIR)</string>
				</array>
				<key>GCC_PRECOMPILE_PREFIX_HEADER</key>
				<string>YES</string>
				<key>GCC_PREFIX_HEADER</key>
				<string>BPFormsExample/BPFormsExample-Prefix.pch</string>
				<key>GCC_PREPROCESSOR_DEFINITIONS</key>
				<array>
					<string>DEBUG=1</string>
					<string>$(inherited)</string>
				</array>
				<key>INFOPLIST_FILE</key>
				<string>BPFormsExampleTests/BPFormsExampleTests-Info.plist</string>
				<key>PRODUCT_NAME</key>
				<string>$(TARGET_NAME)</string>
				<key>TEST_HOST</key>
				<string>$(BUNDLE_LOADER)</string>
				<key>WRAPPER_EXTENSION</key>
				<string>xctest</string>
			</dict>
			<key>isa</key>
			<string>XCBuildConfiguration</string>
			<key>name</key>
			<string>Debug</string>
		</dict>
		<key>DA192D3C18C752BE0025FFB4</key>
		<dict>
			<key>buildSettings</key>
			<dict>
				<key>BUNDLE_LOADER</key>
				<string>$(BUILT_PRODUCTS_DIR)/BPFormsExample.app/BPFormsExample</string>
				<key>FRAMEWORK_SEARCH_PATHS</key>
				<array>
					<string>$(SDKROOT)/Developer/Library/Frameworks</string>
					<string>$(inherited)</string>
					<string>$(DEVELOPER_FRAMEWORKS_DIR)</string>
				</array>
				<key>GCC_PRECOMPILE_PREFIX_HEADER</key>
				<string>YES</string>
				<key>GCC_PREFIX_HEADER</key>
				<string>BPFormsExample/BPFormsExample-Prefix.pch</string>
				<key>INFOPLIST_FILE</key>
				<string>BPFormsExampleTests/BPFormsExampleTests-Info.plist</string>
				<key>PRODUCT_NAME</key>
				<string>$(TARGET_NAME)</string>
				<key>TEST_HOST</key>
				<string>$(BUNDLE_LOADER)</string>
				<key>WRAPPER_EXTENSION</key>
				<string>xctest</string>
			</dict>
			<key>isa</key>
			<string>XCBuildConfiguration</string>
			<key>name</key>
			<string>Release</string>
		</dict>
		<key>DA192D3D18C753270025FFB4</key>
		<dict>
			<key>children</key>
			<array>
				<string>DA192D3E18C753370025FFB4</string>
				<string>DAFE2F4218D1D91A00F3B98D</string>
			</array>
			<key>isa</key>
			<string>PBXGroup</string>
			<key>name</key>
			<string>Vendor</string>
			<key>sourceTree</key>
			<string>&lt;group&gt;</string>
		</dict>
		<key>DA192D3E18C753370025FFB4</key>
		<dict>
			<key>children</key>
			<array>
				<string>637C7E521A8D4089008A4A93</string>
				<string>DA8A34E218D73F710017D814</string>
				<string>DA8A34DB18D73ED60017D814</string>
				<string>DAA1ED2F18C8770800FAAE03</string>
				<string>DAA1ED3018C8770800FAAE03</string>
				<string>DA192D4018C753370025FFB4</string>
				<string>DA192D4118C753370025FFB4</string>
				<string>43CB63CE18D4989900FEAC2E</string>
				<string>43CB63CF18D4989900FEAC2E</string>
				<string>DA192D4218C753370025FFB4</string>
				<string>DA192D4318C753370025FFB4</string>
			</array>
			<key>isa</key>
			<string>PBXGroup</string>
			<key>name</key>
			<string>BPForms</string>
			<key>path</key>
			<string>../BPForms</string>
			<key>sourceTree</key>
			<string>&lt;group&gt;</string>
		</dict>
		<key>DA192D4018C753370025FFB4</key>
		<dict>
			<key>fileEncoding</key>
			<string>4</string>
			<key>isa</key>
			<string>PBXFileReference</string>
			<key>lastKnownFileType</key>
			<string>sourcecode.c.h</string>
			<key>path</key>
			<string>BPFormTextField.h</string>
			<key>sourceTree</key>
			<string>&lt;group&gt;</string>
		</dict>
		<key>DA192D4118C753370025FFB4</key>
		<dict>
			<key>fileEncoding</key>
			<string>4</string>
			<key>isa</key>
			<string>PBXFileReference</string>
			<key>lastKnownFileType</key>
			<string>sourcecode.c.objc</string>
			<key>path</key>
			<string>BPFormTextField.m</string>
			<key>sourceTree</key>
			<string>&lt;group&gt;</string>
		</dict>
		<key>DA192D4218C753370025FFB4</key>
		<dict>
			<key>fileEncoding</key>
			<string>4</string>
			<key>isa</key>
			<string>PBXFileReference</string>
			<key>lastKnownFileType</key>
			<string>sourcecode.c.h</string>
			<key>path</key>
			<string>BPFormViewController.h</string>
			<key>sourceTree</key>
			<string>&lt;group&gt;</string>
		</dict>
		<key>DA192D4318C753370025FFB4</key>
		<dict>
			<key>fileEncoding</key>
			<string>4</string>
			<key>isa</key>
			<string>PBXFileReference</string>
			<key>lastKnownFileType</key>
			<string>sourcecode.c.objc</string>
			<key>path</key>
			<string>BPFormViewController.m</string>
			<key>sourceTree</key>
			<string>&lt;group&gt;</string>
		</dict>
		<key>DA192D4D18C753370025FFB4</key>
		<dict>
			<key>fileRef</key>
			<string>DA192D4118C753370025FFB4</string>
			<key>isa</key>
			<string>PBXBuildFile</string>
		</dict>
		<key>DA192D4E18C753370025FFB4</key>
		<dict>
			<key>fileRef</key>
			<string>DA192D4318C753370025FFB4</string>
			<key>isa</key>
			<string>PBXBuildFile</string>
		</dict>
		<key>DA192D5318C758BB0025FFB4</key>
		<dict>
			<key>fileEncoding</key>
			<string>4</string>
			<key>isa</key>
			<string>PBXFileReference</string>
			<key>lastKnownFileType</key>
			<string>sourcecode.c.h</string>
			<key>path</key>
			<string>BPSignUpViewController.h</string>
			<key>sourceTree</key>
			<string>&lt;group&gt;</string>
		</dict>
		<key>DA192D5418C758BB0025FFB4</key>
		<dict>
			<key>fileEncoding</key>
			<string>4</string>
			<key>isa</key>
			<string>PBXFileReference</string>
			<key>lastKnownFileType</key>
			<string>sourcecode.c.objc</string>
			<key>path</key>
			<string>BPSignUpViewController.m</string>
			<key>sourceTree</key>
			<string>&lt;group&gt;</string>
		</dict>
		<key>DA192D5518C758BB0025FFB4</key>
		<dict>
			<key>fileRef</key>
			<string>DA192D5418C758BB0025FFB4</string>
			<key>isa</key>
			<string>PBXBuildFile</string>
		</dict>
		<key>DA192D5618C76A770025FFB4</key>
		<dict>
			<key>children</key>
			<array>
				<string>DA192D5718C76A770025FFB4</string>
				<string>DA192D5818C76A770025FFB4</string>
				<string>DA192D6318C779130025FFB4</string>
				<string>DA192D5B18C7746C0025FFB4</string>
				<string>DA192D6518C779170025FFB4</string>
				<string>DA192D5C18C7746C0025FFB4</string>
			</array>
			<key>isa</key>
			<string>PBXGroup</string>
			<key>path</key>
			<string>Resources</string>
			<key>sourceTree</key>
			<string>&lt;group&gt;</string>
		</dict>
		<key>DA192D5718C76A770025FFB4</key>
		<dict>
			<key>isa</key>
			<string>PBXFileReference</string>
			<key>lastKnownFileType</key>
			<string>image.png</string>
			<key>path</key>
			<string>asterix.png</string>
			<key>sourceTree</key>
			<string>&lt;group&gt;</string>
		</dict>
		<key>DA192D5818C76A770025FFB4</key>
		<dict>
			<key>isa</key>
			<string>PBXFileReference</string>
			<key>lastKnownFileType</key>
			<string>image.png</string>
			<key>path</key>
			<string>asterix@2x.png</string>
			<key>sourceTree</key>
			<string>&lt;group&gt;</string>
		</dict>
		<key>DA192D5918C76A770025FFB4</key>
		<dict>
			<key>fileRef</key>
			<string>DA192D5718C76A770025FFB4</string>
			<key>isa</key>
			<string>PBXBuildFile</string>
		</dict>
		<key>DA192D5A18C76A770025FFB4</key>
		<dict>
			<key>fileRef</key>
			<string>DA192D5818C76A770025FFB4</string>
			<key>isa</key>
			<string>PBXBuildFile</string>
		</dict>
		<key>DA192D5B18C7746C0025FFB4</key>
		<dict>
			<key>isa</key>
			<string>PBXFileReference</string>
			<key>lastKnownFileType</key>
			<string>image.png</string>
			<key>path</key>
			<string>checkmark@2x.png</string>
			<key>sourceTree</key>
			<string>&lt;group&gt;</string>
		</dict>
		<key>DA192D5C18C7746C0025FFB4</key>
		<dict>
			<key>isa</key>
			<string>PBXFileReference</string>
			<key>lastKnownFileType</key>
			<string>image.png</string>
			<key>path</key>
			<string>exclamationMark@2x.png</string>
			<key>sourceTree</key>
			<string>&lt;group&gt;</string>
		</dict>
		<key>DA192D5D18C7746C0025FFB4</key>
		<dict>
			<key>fileRef</key>
			<string>DA192D5B18C7746C0025FFB4</string>
			<key>isa</key>
			<string>PBXBuildFile</string>
		</dict>
		<key>DA192D5E18C7746C0025FFB4</key>
		<dict>
			<key>fileRef</key>
			<string>DA192D5C18C7746C0025FFB4</string>
			<key>isa</key>
			<string>PBXBuildFile</string>
		</dict>
		<key>DA192D6318C779130025FFB4</key>
		<dict>
			<key>isa</key>
			<string>PBXFileReference</string>
			<key>lastKnownFileType</key>
			<string>image.png</string>
			<key>path</key>
			<string>checkmark.png</string>
			<key>sourceTree</key>
			<string>&lt;group&gt;</string>
		</dict>
		<key>DA192D6418C779130025FFB4</key>
		<dict>
			<key>fileRef</key>
			<string>DA192D6318C779130025FFB4</string>
			<key>isa</key>
			<string>PBXBuildFile</string>
		</dict>
		<key>DA192D6518C779170025FFB4</key>
		<dict>
			<key>isa</key>
			<string>PBXFileReference</string>
			<key>lastKnownFileType</key>
			<string>image.png</string>
			<key>path</key>
			<string>exclamationMark.png</string>
			<key>sourceTree</key>
			<string>&lt;group&gt;</string>
		</dict>
		<key>DA192D6618C779170025FFB4</key>
		<dict>
			<key>fileRef</key>
			<string>DA192D6518C779170025FFB4</string>
			<key>isa</key>
			<string>PBXBuildFile</string>
		</dict>
		<key>DA8A34C618D71A420017D814</key>
		<dict>
			<key>fileEncoding</key>
			<string>4</string>
			<key>isa</key>
			<string>PBXFileReference</string>
			<key>lastKnownFileType</key>
			<string>sourcecode.c.h</string>
			<key>path</key>
			<string>BPFormFloatLabelTextView.h</string>
			<key>sourceTree</key>
			<string>&lt;group&gt;</string>
		</dict>
		<key>DA8A34C718D71A420017D814</key>
		<dict>
			<key>fileEncoding</key>
			<string>4</string>
			<key>isa</key>
			<string>PBXFileReference</string>
			<key>lastKnownFileType</key>
			<string>sourcecode.c.objc</string>
			<key>path</key>
			<string>BPFormFloatLabelTextView.m</string>
			<key>sourceTree</key>
			<string>&lt;group&gt;</string>
		</dict>
		<key>DA8A34CA18D71A420017D814</key>
		<dict>
			<key>fileRef</key>
			<string>DA8A34C718D71A420017D814</string>
			<key>isa</key>
			<string>PBXBuildFile</string>
		</dict>
		<key>DA8A34D518D73CB70017D814</key>
		<dict>
			<key>fileEncoding</key>
			<string>4</string>
			<key>isa</key>
			<string>PBXFileReference</string>
			<key>lastKnownFileType</key>
			<string>sourcecode.c.h</string>
			<key>path</key>
			<string>BPFormFloatInputTextFieldCell.h</string>
			<key>sourceTree</key>
			<string>&lt;group&gt;</string>
		</dict>
		<key>DA8A34D618D73CB70017D814</key>
		<dict>
			<key>fileEncoding</key>
			<string>4</string>
			<key>isa</key>
			<string>PBXFileReference</string>
			<key>lastKnownFileType</key>
			<string>sourcecode.c.objc</string>
			<key>path</key>
			<string>BPFormFloatInputTextFieldCell.m</string>
			<key>sourceTree</key>
			<string>&lt;group&gt;</string>
		</dict>
		<key>DA8A34D718D73CB70017D814</key>
		<dict>
			<key>fileEncoding</key>
			<string>4</string>
			<key>isa</key>
			<string>PBXFileReference</string>
			<key>lastKnownFileType</key>
			<string>sourcecode.c.h</string>
			<key>path</key>
			<string>BPFormFloatInputTextViewCell.h</string>
			<key>sourceTree</key>
			<string>&lt;group&gt;</string>
		</dict>
		<key>DA8A34D818D73CB70017D814</key>
		<dict>
			<key>fileEncoding</key>
			<string>4</string>
			<key>isa</key>
			<string>PBXFileReference</string>
			<key>lastKnownFileType</key>
			<string>sourcecode.c.objc</string>
			<key>path</key>
			<string>BPFormFloatInputTextViewCell.m</string>
			<key>sourceTree</key>
			<string>&lt;group&gt;</string>
		</dict>
		<key>DA8A34D918D73CB70017D814</key>
		<dict>
			<key>fileRef</key>
			<string>DA8A34D618D73CB70017D814</string>
			<key>isa</key>
			<string>PBXBuildFile</string>
		</dict>
		<key>DA8A34DA18D73CB70017D814</key>
		<dict>
			<key>fileRef</key>
			<string>DA8A34D818D73CB70017D814</string>
			<key>isa</key>
			<string>PBXBuildFile</string>
		</dict>
		<key>DA8A34DB18D73ED60017D814</key>
		<dict>
			<key>children</key>
			<array>
				<string>DA8A34DC18D73ED60017D814</string>
				<string>DA8A34DD18D73ED60017D814</string>
				<string>DA8A34DE18D73ED60017D814</string>
				<string>DA8A34DF18D73ED60017D814</string>
			</array>
			<key>isa</key>
			<string>PBXGroup</string>
			<key>path</key>
			<string>UIKit</string>
			<key>sourceTree</key>
			<string>&lt;group&gt;</string>
		</dict>
		<key>DA8A34DC18D73ED60017D814</key>
		<dict>
			<key>fileEncoding</key>
			<string>4</string>
			<key>isa</key>
			<string>PBXFileReference</string>
			<key>lastKnownFileType</key>
			<string>sourcecode.c.h</string>
			<key>path</key>
			<string>UITextField+BPForms.h</string>
			<key>sourceTree</key>
			<string>&lt;group&gt;</string>
		</dict>
		<key>DA8A34DD18D73ED60017D814</key>
		<dict>
			<key>fileEncoding</key>
			<string>4</string>
			<key>isa</key>
			<string>PBXFileReference</string>
			<key>lastKnownFileType</key>
			<string>sourcecode.c.objc</string>
			<key>path</key>
			<string>UITextField+BPForms.m</string>
			<key>sourceTree</key>
			<string>&lt;group&gt;</string>
		</dict>
		<key>DA8A34DE18D73ED60017D814</key>
		<dict>
			<key>fileEncoding</key>
			<string>4</string>
			<key>isa</key>
			<string>PBXFileReference</string>
			<key>lastKnownFileType</key>
			<string>sourcecode.c.h</string>
			<key>path</key>
			<string>UITextView+BPForms.h</string>
			<key>sourceTree</key>
			<string>&lt;group&gt;</string>
		</dict>
		<key>DA8A34DF18D73ED60017D814</key>
		<dict>
			<key>fileEncoding</key>
			<string>4</string>
			<key>isa</key>
			<string>PBXFileReference</string>
			<key>lastKnownFileType</key>
			<string>sourcecode.c.objc</string>
			<key>path</key>
			<string>UITextView+BPForms.m</string>
			<key>sourceTree</key>
			<string>&lt;group&gt;</string>
		</dict>
		<key>DA8A34E018D73ED60017D814</key>
		<dict>
			<key>fileRef</key>
			<string>DA8A34DD18D73ED60017D814</string>
			<key>isa</key>
			<string>PBXBuildFile</string>
		</dict>
		<key>DA8A34E118D73ED60017D814</key>
		<dict>
			<key>fileRef</key>
			<string>DA8A34DF18D73ED60017D814</string>
			<key>isa</key>
			<string>PBXBuildFile</string>
		</dict>
		<key>DA8A34E218D73F710017D814</key>
		<dict>
			<key>children</key>
			<array>
				<string>DA8A34E318D73F710017D814</string>
				<string>DA8A34E918D73F710017D814</string>
				<string>DA8A34EC18D73F710017D814</string>
			</array>
			<key>isa</key>
			<string>PBXGroup</string>
			<key>path</key>
			<string>Cells</string>
			<key>sourceTree</key>
			<string>&lt;group&gt;</string>
		</dict>
		<key>DA8A34E318D73F710017D814</key>
		<dict>
			<key>children</key>
			<array>
				<string>DA8A34E418D73F710017D814</string>
				<string>DA8A34E518D73F710017D814</string>
				<string>DA8A34E618D73F710017D814</string>
				<string>DA8A34E718D73F710017D814</string>
				<string>DA8A34E818D73F710017D814</string>
			</array>
			<key>isa</key>
			<string>PBXGroup</string>
			<key>path</key>
			<string>Base</string>
			<key>sourceTree</key>
			<string>&lt;group&gt;</string>
		</dict>
		<key>DA8A34E418D73F710017D814</key>
		<dict>
			<key>fileEncoding</key>
			<string>4</string>
			<key>isa</key>
			<string>PBXFileReference</string>
			<key>lastKnownFileType</key>
			<string>sourcecode.c.h</string>
			<key>path</key>
			<string>BPFormCell.h</string>
			<key>sourceTree</key>
			<string>&lt;group&gt;</string>
		</dict>
		<key>DA8A34E518D73F710017D814</key>
		<dict>
			<key>fileEncoding</key>
			<string>4</string>
			<key>isa</key>
			<string>PBXFileReference</string>
			<key>lastKnownFileType</key>
			<string>sourcecode.c.objc</string>
			<key>path</key>
			<string>BPFormCell.m</string>
			<key>sourceTree</key>
			<string>&lt;group&gt;</string>
		</dict>
		<key>DA8A34E618D73F710017D814</key>
		<dict>
			<key>fileEncoding</key>
			<string>4</string>
			<key>isa</key>
			<string>PBXFileReference</string>
			<key>lastKnownFileType</key>
			<string>sourcecode.c.h</string>
			<key>path</key>
			<string>BPFormCellProtocol.h</string>
			<key>sourceTree</key>
			<string>&lt;group&gt;</string>
		</dict>
		<key>DA8A34E718D73F710017D814</key>
		<dict>
			<key>fileEncoding</key>
			<string>4</string>
			<key>isa</key>
			<string>PBXFileReference</string>
			<key>lastKnownFileType</key>
			<string>sourcecode.c.h</string>
			<key>path</key>
			<string>BPFormInfoCell.h</string>
			<key>sourceTree</key>
			<string>&lt;group&gt;</string>
		</dict>
		<key>DA8A34E818D73F710017D814</key>
		<dict>
			<key>fileEncoding</key>
			<string>4</string>
			<key>isa</key>
			<string>PBXFileReference</string>
			<key>lastKnownFileType</key>
			<string>sourcecode.c.objc</string>
			<key>path</key>
			<string>BPFormInfoCell.m</string>
			<key>sourceTree</key>
			<string>&lt;group&gt;</string>
		</dict>
		<key>DA8A34E918D73F710017D814</key>
		<dict>
			<key>children</key>
			<array>
				<string>DA8A34EA18D73F710017D814</string>
				<string>DA8A34EB18D73F710017D814</string>
			</array>
			<key>isa</key>
			<string>PBXGroup</string>
			<key>path</key>
			<string>Button</string>
			<key>sourceTree</key>
			<string>&lt;group&gt;</string>
		</dict>
		<key>DA8A34EA18D73F710017D814</key>
		<dict>
			<key>fileEncoding</key>
			<string>4</string>
			<key>isa</key>
			<string>PBXFileReference</string>
			<key>lastKnownFileType</key>
			<string>sourcecode.c.h</string>
			<key>path</key>
			<string>BPFormButtonCell.h</string>
			<key>sourceTree</key>
			<string>&lt;group&gt;</string>
		</dict>
		<key>DA8A34EB18D73F710017D814</key>
		<dict>
			<key>fileEncoding</key>
			<string>4</string>
			<key>isa</key>
			<string>PBXFileReference</string>
			<key>lastKnownFileType</key>
			<string>sourcecode.c.objc</string>
			<key>path</key>
			<string>BPFormButtonCell.m</string>
			<key>sourceTree</key>
			<string>&lt;group&gt;</string>
		</dict>
		<key>DA8A34EC18D73F710017D814</key>
		<dict>
			<key>children</key>
			<array>
				<string>DA8A34ED18D73F710017D814</string>
				<string>DA8A34EE18D73F710017D814</string>
				<string>DA8A34EF18D73F710017D814</string>
				<string>DA8A34F018D73F710017D814</string>
				<string>DA8A34F118D73F710017D814</string>
				<string>DA8A34F218D73F710017D814</string>
			</array>
			<key>isa</key>
			<string>PBXGroup</string>
			<key>path</key>
			<string>Input</string>
			<key>sourceTree</key>
			<string>&lt;group&gt;</string>
		</dict>
		<key>DA8A34ED18D73F710017D814</key>
		<dict>
			<key>fileEncoding</key>
			<string>4</string>
			<key>isa</key>
			<string>PBXFileReference</string>
			<key>lastKnownFileType</key>
			<string>sourcecode.c.h</string>
			<key>path</key>
			<string>BPFormInputCell.h</string>
			<key>sourceTree</key>
			<string>&lt;group&gt;</string>
		</dict>
		<key>DA8A34EE18D73F710017D814</key>
		<dict>
			<key>fileEncoding</key>
			<string>4</string>
			<key>isa</key>
			<string>PBXFileReference</string>
			<key>lastKnownFileType</key>
			<string>sourcecode.c.objc</string>
			<key>path</key>
			<string>BPFormInputCell.m</string>
			<key>sourceTree</key>
			<string>&lt;group&gt;</string>
		</dict>
		<key>DA8A34EF18D73F710017D814</key>
		<dict>
			<key>fileEncoding</key>
			<string>4</string>
			<key>isa</key>
			<string>PBXFileReference</string>
			<key>lastKnownFileType</key>
			<string>sourcecode.c.h</string>
			<key>path</key>
			<string>BPFormInputTextFieldCell.h</string>
			<key>sourceTree</key>
			<string>&lt;group&gt;</string>
		</dict>
		<key>DA8A34F018D73F710017D814</key>
		<dict>
			<key>fileEncoding</key>
			<string>4</string>
			<key>isa</key>
			<string>PBXFileReference</string>
			<key>lastKnownFileType</key>
			<string>sourcecode.c.objc</string>
			<key>path</key>
			<string>BPFormInputTextFieldCell.m</string>
			<key>sourceTree</key>
			<string>&lt;group&gt;</string>
		</dict>
		<key>DA8A34F118D73F710017D814</key>
		<dict>
			<key>fileEncoding</key>
			<string>4</string>
			<key>isa</key>
			<string>PBXFileReference</string>
			<key>lastKnownFileType</key>
			<string>sourcecode.c.h</string>
			<key>path</key>
			<string>BPFormInputTextViewCell.h</string>
			<key>sourceTree</key>
			<string>&lt;group&gt;</string>
		</dict>
		<key>DA8A34F218D73F710017D814</key>
		<dict>
			<key>fileEncoding</key>
			<string>4</string>
			<key>isa</key>
			<string>PBXFileReference</string>
			<key>lastKnownFileType</key>
			<string>sourcecode.c.objc</string>
			<key>path</key>
			<string>BPFormInputTextViewCell.m</string>
			<key>sourceTree</key>
			<string>&lt;group&gt;</string>
		</dict>
		<key>DA8A34F318D73F710017D814</key>
		<dict>
			<key>fileRef</key>
			<string>DA8A34E518D73F710017D814</string>
			<key>isa</key>
			<string>PBXBuildFile</string>
		</dict>
		<key>DA8A34F418D73F710017D814</key>
		<dict>
			<key>fileRef</key>
			<string>DA8A34E818D73F710017D814</string>
			<key>isa</key>
			<string>PBXBuildFile</string>
		</dict>
		<key>DA8A34F518D73F710017D814</key>
		<dict>
			<key>fileRef</key>
			<string>DA8A34EB18D73F710017D814</string>
			<key>isa</key>
			<string>PBXBuildFile</string>
		</dict>
		<key>DA8A34F618D73F710017D814</key>
		<dict>
			<key>fileRef</key>
			<string>DA8A34EE18D73F710017D814</string>
			<key>isa</key>
			<string>PBXBuildFile</string>
		</dict>
		<key>DA8A34F718D73F710017D814</key>
		<dict>
			<key>fileRef</key>
			<string>DA8A34F018D73F710017D814</string>
			<key>isa</key>
			<string>PBXBuildFile</string>
		</dict>
		<key>DA8A34F818D73F710017D814</key>
		<dict>
			<key>fileRef</key>
			<string>DA8A34F218D73F710017D814</string>
			<key>isa</key>
			<string>PBXBuildFile</string>
		</dict>
		<key>DAA1ED2F18C8770800FAAE03</key>
		<dict>
			<key>fileEncoding</key>
			<string>4</string>
			<key>isa</key>
			<string>PBXFileReference</string>
			<key>lastKnownFileType</key>
			<string>sourcecode.c.h</string>
			<key>path</key>
			<string>BPAppearance.h</string>
			<key>sourceTree</key>
			<string>&lt;group&gt;</string>
		</dict>
		<key>DAA1ED3018C8770800FAAE03</key>
		<dict>
			<key>fileEncoding</key>
			<string>4</string>
			<key>isa</key>
			<string>PBXFileReference</string>
			<key>lastKnownFileType</key>
			<string>sourcecode.c.objc</string>
			<key>path</key>
			<string>BPAppearance.m</string>
			<key>sourceTree</key>
			<string>&lt;group&gt;</string>
		</dict>
		<key>DAA1ED3118C8770800FAAE03</key>
		<dict>
			<key>fileRef</key>
			<string>DAA1ED3018C8770800FAAE03</string>
			<key>isa</key>
			<string>PBXBuildFile</string>
		</dict>
		<key>DAFE2F4218D1D91A00F3B98D</key>
		<dict>
			<key>children</key>
			<array>
				<string>DAFE2F4518D1D91A00F3B98D</string>
				<string>DAFE2F4618D1D91A00F3B98D</string>
				<string>DA8A34C618D71A420017D814</string>
				<string>DA8A34C718D71A420017D814</string>
				<string>DA8A34D518D73CB70017D814</string>
				<string>DA8A34D618D73CB70017D814</string>
				<string>DA8A34D718D73CB70017D814</string>
				<string>DA8A34D818D73CB70017D814</string>
			</array>
			<key>isa</key>
			<string>PBXGroup</string>
			<key>name</key>
			<string>BPFormsFloatLabel</string>
			<key>path</key>
			<string>../BPFormsFloatLabel</string>
			<key>sourceTree</key>
			<string>&lt;group&gt;</string>
		</dict>
		<key>DAFE2F4518D1D91A00F3B98D</key>
		<dict>
			<key>fileEncoding</key>
			<string>4</string>
			<key>isa</key>
			<string>PBXFileReference</string>
			<key>lastKnownFileType</key>
			<string>sourcecode.c.h</string>
			<key>path</key>
			<string>BPFormFloatLabelTextField.h</string>
			<key>sourceTree</key>
			<string>&lt;group&gt;</string>
		</dict>
		<key>DAFE2F4618D1D91A00F3B98D</key>
		<dict>
			<key>fileEncoding</key>
			<string>4</string>
			<key>isa</key>
			<string>PBXFileReference</string>
			<key>lastKnownFileType</key>
			<string>sourcecode.c.objc</string>
			<key>path</key>
			<string>BPFormFloatLabelTextField.m</string>
			<key>sourceTree</key>
			<string>&lt;group&gt;</string>
		</dict>
		<key>DAFE2F4818D1D91A00F3B98D</key>
		<dict>
			<key>fileRef</key>
			<string>DAFE2F4618D1D91A00F3B98D</string>
			<key>isa</key>
			<string>PBXBuildFile</string>
		</dict>
		<key>E8D58394D5614CEA8C0649C5</key>
		<dict>
			<key>buildActionMask</key>
			<string>2147483647</string>
			<key>files</key>
			<array/>
			<key>inputPaths</key>
			<array/>
			<key>isa</key>
			<string>PBXShellScriptBuildPhase</string>
			<key>name</key>
			<string>Check Pods Manifest.lock</string>
			<key>outputPaths</key>
			<array/>
			<key>runOnlyForDeploymentPostprocessing</key>
			<string>0</string>
			<key>shellPath</key>
			<string>/bin/sh</string>
			<key>shellScript</key>
			<string>diff "${PODS_ROOT}/../Podfile.lock" "${PODS_ROOT}/Manifest.lock" &gt; /dev/null
if [[ $? != 0 ]] ; then
    cat &lt;&lt; EOM
error: The sandbox is not in sync with the Podfile.lock. Run 'pod install' or update your CocoaPods installation.
EOM
    exit 1
fi
</string>
			<key>showEnvVarsInLog</key>
			<string>0</string>
		</dict>
		<key>FA3E04493E548EAC867C8438</key>
		<dict>
			<key>fileRef</key>
			<string>5D8DB96A7A6C1D5F4A035AB9</string>
			<key>isa</key>
			<string>PBXBuildFile</string>
			<key>settings</key>
			<dict>
				<key>ATTRIBUTES</key>
				<array>
					<string>Weak</string>
				</array>
			</dict>
		</dict>
	</dict>
	<key>rootObject</key>
	<string>DA192CFA18C752BD0025FFB4</string>
</dict>
</plist>
